
Microsoft Visual Studio Solution File, Format Version 12.00
# Visual Studio Version 16
VisualStudioVersion = 16.0.30611.23
MinimumVisualStudioVersion = 10.0.40219.1
Project("{FAE04EC0-301F-11D3-BF4B-00C04F79EFBC}") = "Practica2", "Practica2\Practica2.csproj", "{6E170ED0-ADED-4993-B63F-67A1ED3E3BC8}"
EndProject
Project("{FAE04EC0-301F-11D3-BF4B-00C04F79EFBC}") = "Practica2Tests", "Practica2Tests\Practica2Tests.csproj", "{182C705D-B702-4039-845E-29F7ABB4C33A}"
EndProject
Global
	GlobalSection(SolutionConfigurationPlatforms) = preSolution
		Debug|Any CPU = Debug|Any CPU
		Release|Any CPU = Release|Any CPU
	EndGlobalSection
	GlobalSection(ProjectConfigurationPlatforms) = postSolution
		{6E170ED0-ADED-4993-B63F-67A1ED3E3BC8}.Debug|Any CPU.ActiveCfg = Debug|Any CPU
		{6E170ED0-ADED-4993-B63F-67A1ED3E3BC8}.Debug|Any CPU.Build.0 = Debug|Any CPU
		{6E170ED0-ADED-4993-B63F-67A1ED3E3BC8}.Release|Any CPU.ActiveCfg = Release|Any CPU
		{6E170ED0-ADED-4993-B63F-67A1ED3E3BC8}.Release|Any CPU.Build.0 = Release|Any CPU
		{182C705D-B702-4039-845E-29F7ABB4C33A}.Debug|Any CPU.ActiveCfg = Debug|Any CPU
		{182C705D-B702-4039-845E-29F7ABB4C33A}.Debug|Any CPU.Build.0 = Debug|Any CPU
		{182C705D-B702-4039-845E-29F7ABB4C33A}.Release|Any CPU.ActiveCfg = Release|Any CPU
		{182C705D-B702-4039-845E-29F7ABB4C33A}.Release|Any CPU.Build.0 = Release|Any CPU
	EndGlobalSection
	GlobalSection(SolutionProperties) = preSolution
		HideSolutionNode = FALSE
	EndGlobalSection
	GlobalSection(ExtensibilityGlobals) = postSolution
		SolutionGuid = {54C9C4DD-E0DD-49D7-BAA9-8D9C472B2B99}
	EndGlobalSection
EndGlobal
